
Microsoft Visual Studio Solution File, Format Version 12.00
# Visual Studio Version 17
VisualStudioVersion = 17.0.31912.275
MinimumVisualStudioVersion = 10.0.40219.1
Project("{9A19103F-16F7-4668-BE54-9A1E7A4F7556}") = "EJERCICIO1", "EJERCICIO1\EJERCICIO1.csproj", "{A0484FE2-5D55-4DF3-B7AC-CA17163F77AF}"
EndProject
Project("{9A19103F-16F7-4668-BE54-9A1E7A4F7556}") = "EJERCICIO2", "EJERCICIO2\EJERCICIO2.csproj", "{6DF636C4-6353-4B22-A281-CAD26AAFC0DC}"
EndProject
Project("{9A19103F-16F7-4668-BE54-9A1E7A4F7556}") = "EJERCICIO3", "EJERCICIO3\EJERCICIO3.csproj", "{3D831449-DD7E-4D93-A7AF-B9B2AC46C9A7}"
EndProject
Project("{9A19103F-16F7-4668-BE54-9A1E7A4F7556}") = "EJERCICIO4", "EJERCICIO4\EJERCICIO4.csproj", "{F4CB8AD4-6A6A-48C3-9113-AA285D91E7A3}"
EndProject
Project("{9A19103F-16F7-4668-BE54-9A1E7A4F7556}") = "EJERCICIO5", "EJERCICIO5\EJERCICIO5.csproj", "{263ECC53-16BE-486B-BCD6-F9FD13617F54}"
EndProject
Project("{9A19103F-16F7-4668-BE54-9A1E7A4F7556}") = "EJERCICIO6", "EJERCICIO6\EJERCICIO6.csproj", "{5C5CFCB4-6AE9-4505-96E9-119DACB1EA9A}"
EndProject
Project("{9A19103F-16F7-4668-BE54-9A1E7A4F7556}") = "EJERCICIO7", "EJERCICIO7\EJERCICIO7.csproj", "{E812F441-A904-4D22-9D31-09666ED2DCDA}"
EndProject
Project("{9A19103F-16F7-4668-BE54-9A1E7A4F7556}") = "EJERCICIO8", "EJERCICIO8\EJERCICIO8.csproj", "{0A25F546-0AD9-4E23-9C8E-6FB7D3D25EB8}"
EndProject
Project("{9A19103F-16F7-4668-BE54-9A1E7A4F7556}") = "EJERCICIO-C-D1", "EJERCICIO-C-D1\EJERCICIO-C-D1.csproj", "{59AE3619-FF2C-4262-AE52-2738534A8EE5}"
EndProject
Project("{9A19103F-16F7-4668-BE54-9A1E7A4F7556}") = "EJERCICIO-C-D2", "EJERCICIO-C-D2\EJERCICIO-C-D2.csproj", "{8D338969-5345-4890-8754-7DA3DAB8BB1D}"
EndProject
Project("{9A19103F-16F7-4668-BE54-9A1E7A4F7556}") = "EJERCICIO-C-D3", "EJERCICIO-C-D3\EJERCICIO-C-D3.csproj", "{6368FAF6-931C-4CC8-94B1-68B94580EF46}"
EndProject
Project("{9A19103F-16F7-4668-BE54-9A1E7A4F7556}") = "EJERCICIO-C-D4", "EJERCICIO-C-D4\EJERCICIO-C-D4.csproj", "{BCAF923C-3C20-4337-BB22-D40AC623286A}"
EndProject
Project("{9A19103F-16F7-4668-BE54-9A1E7A4F7556}") = "EJERCICIO-C-D5", "EJERCICIO-C-D5\EJERCICIO-C-D5.csproj", "{3B5AA1FC-5189-477D-B5B9-CB35ADDFDEC9}"
EndProject
Project("{9A19103F-16F7-4668-BE54-9A1E7A4F7556}") = "EJERCICIO-C-D6", "EJERCICIO-C-D6\EJERCICIO-C-D6.csproj", "{8D0C9DE8-0994-43AC-9CBF-9508B9876E30}"
EndProject
Project("{9A19103F-16F7-4668-BE54-9A1E7A4F7556}") = "EJERCICIO-C-A1", "EJERCICIO-C-A1\EJERCICIO-C-A1.csproj", "{E71BD2E0-8918-474E-B0A0-068D7D6D698D}"
EndProject
Project("{9A19103F-16F7-4668-BE54-9A1E7A4F7556}") = "EJERCICIO-C-A2", "EJERCICIO-C-A2\EJERCICIO-C-A2.csproj", "{E4A5197A-958F-4CB4-ADF4-D0AAAB0811A5}"
EndProject
Project("{9A19103F-16F7-4668-BE54-9A1E7A4F7556}") = "EJERCICIO-C-A3", "EJERCICIO-C-A3\EJERCICIO-C-A3.csproj", "{39FFB158-6755-46FC-9A13-821A2E29A8E4}"
EndProject
Project("{9A19103F-16F7-4668-BE54-9A1E7A4F7556}") = "EJERCICIO-C-A4", "EJERCICIO-C-A4\EJERCICIO-C-A4.csproj", "{E9D456C6-4C1D-4159-91DC-63AF2F54B5C4}"
EndProject
Project("{9A19103F-16F7-4668-BE54-9A1E7A4F7556}") = "EJERCICIO-C-A5", "EJERCICIO-C-A5\EJERCICIO-C-A5.csproj", "{D001E0FC-1F15-403C-B1EC-25A41D3B1548}"
EndProject
Project("{9A19103F-16F7-4668-BE54-9A1E7A4F7556}") = "EJERCICIO-C-A6", "EJERCICIO-C-A6\EJERCICIO-C-A6.csproj", "{FE5315F6-022F-456C-8E73-136409D73451}"
EndProject
Project("{9A19103F-16F7-4668-BE54-9A1E7A4F7556}") = "EJERCICIO-C-A7", "EJERCICIO-C-A7\EJERCICIO-C-A7.csproj", "{D0EB61F3-5F0A-484A-9247-594D403DA17B}"
EndProject
Project("{9A19103F-16F7-4668-BE54-9A1E7A4F7556}") = "EJERCICIO-C-A8", "EJERCICIO-C-A8\EJERCICIO-C-A8.csproj", "{F5C0EC98-461E-4788-B52F-FBEF20E3CF2B}"
EndProject
Project("{9A19103F-16F7-4668-BE54-9A1E7A4F7556}") = "EJERCICIO-C-A9", "EJERCICIO-C-A9\EJERCICIO-C-A9.csproj", "{AEAF5636-F0F6-4767-BD16-D284374135F6}"
EndProject
Project("{9A19103F-16F7-4668-BE54-9A1E7A4F7556}") = "EJERCICIO-C-A-10", "EJERCICIO-C-A10\EJERCICIO-C-A-10.csproj", "{3CB844AF-5990-4552-8E36-601E7DCCBE16}"
EndProject
Project("{9A19103F-16F7-4668-BE54-9A1E7A4F7556}") = "EJERCICIO-C-M1", "EJERCICIO-C-M1\EJERCICIO-C-M1.csproj", "{9BB43955-3BAF-4FC1-A682-1AA431CACEA2}"
EndProject
Project("{9A19103F-16F7-4668-BE54-9A1E7A4F7556}") = "EJERCICIO-C-M2", "EJERCICIO-C-M2\EJERCICIO-C-M2.csproj", "{1C84910C-0532-43E5-9492-3378ABA82A77}"
EndProject
Project("{9A19103F-16F7-4668-BE54-9A1E7A4F7556}") = "EJERCICIO-C-M3", "EJERCICIO-C-M3\EJERCICIO-C-M3.csproj", "{BBECA83A-7566-48C0-ACD7-AD237DDADE85}"
EndProject
Project("{9A19103F-16F7-4668-BE54-9A1E7A4F7556}") = "EJERCICIO-C-M4", "EJERCICIO-C-M4\EJERCICIO-C-M4.csproj", "{799E9DAB-B93E-458E-8E09-5F71654E101C}"
EndProject
Project("{9A19103F-16F7-4668-BE54-9A1E7A4F7556}") = "EJERCICIO-C-M5", "EJERCICIO-C-M5\EJERCICIO-C-M5.csproj", "{C6C66B00-E0E6-4272-90DD-0F0F578148D0}"
EndProject
Project("{9A19103F-16F7-4668-BE54-9A1E7A4F7556}") = "EJERCICIO-C-M6", "EJERCICIO-C-M6\EJERCICIO-C-M6.csproj", "{8A10CBB1-4707-48C0-94CA-6614FB282E36}"
EndProject
Project("{9A19103F-16F7-4668-BE54-9A1E7A4F7556}") = "EJERCICIO-C-M7", "EJERCICIO-C-M7\EJERCICIO-C-M7.csproj", "{E6814952-1D5C-4866-A3F1-768AC24192AA}"
EndProject
Project("{9A19103F-16F7-4668-BE54-9A1E7A4F7556}") = "EJERCICIO WHILE 1", "EJERCICIO WHILE 1\EJERCICIO WHILE 1.csproj", "{D0E963E6-04BA-4FD0-856F-E2D1B0F66153}"
EndProject
Project("{9A19103F-16F7-4668-BE54-9A1E7A4F7556}") = "EJERCICIO WHILE 2", "EJERCICIO WHILE 2\EJERCICIO WHILE 2.csproj", "{5D837F45-D70E-4683-8B80-FCD4628CEB40}"
EndProject
Project("{9A19103F-16F7-4668-BE54-9A1E7A4F7556}") = "EJERCICIOS FOR NUM1", "EJERCICIOS FOR NUM1\EJERCICIOS FOR NUM1.csproj", "{7905AE30-4AB6-432A-9115-89E3007EF3E2}"
EndProject
Project("{9A19103F-16F7-4668-BE54-9A1E7A4F7556}") = "EJERCICIOS FOR NUM2", "EJERCICIOS FOR NUM2\EJERCICIOS FOR NUM2.csproj", "{F77B0A64-E6CA-4027-8DD0-8D7FF34A0276}"
EndProject
Project("{9A19103F-16F7-4668-BE54-9A1E7A4F7556}") = "EJERCICIOS FOR NUM3", "EJERCICIOS FOR NUM3\EJERCICIOS FOR NUM3.csproj", "{6E1BF03B-8BE5-41B7-91C2-BC1E636102A8}"
EndProject
Project("{9A19103F-16F7-4668-BE54-9A1E7A4F7556}") = "EJERCICIOS FOR NUM5", "EJERCICIOS FOR NUM5\EJERCICIOS FOR NUM5.csproj", "{0A0A75BA-6F2E-438A-B24F-9170E7FC5102}"
EndProject
Project("{9A19103F-16F7-4668-BE54-9A1E7A4F7556}") = "EJERCICIOS FOR NUM6", "EJERCICIOS FOR NUM6\EJERCICIOS FOR NUM6.csproj", "{A2EC5741-7051-430C-9CB7-586D9B34B4F1}"
EndProject
Project("{9A19103F-16F7-4668-BE54-9A1E7A4F7556}") = "EJERCICIO WHILE 4", "EJERCICIO WHILE 4\EJERCICIO WHILE 4.csproj", "{88C13181-281D-4BAB-8ADA-5E4A87FEB394}"
EndProject
Project("{9A19103F-16F7-4668-BE54-9A1E7A4F7556}") = "EJERCICIO WHILE 5", "EJERCICIO WHILE 5\EJERCICIO WHILE 5.csproj", "{98826A4D-A9EF-4417-9ED2-744B76E96EE9}"
EndProject
Project("{9A19103F-16F7-4668-BE54-9A1E7A4F7556}") = "EJERCICIO WHILE 6", "EJERCICIO WHILE 6\EJERCICIO WHILE 6.csproj", "{5C760EA0-4363-411C-A058-0DAF6B8E3D8C}"
EndProject
Project("{9A19103F-16F7-4668-BE54-9A1E7A4F7556}") = "EJERCICIO Do WHILE 2", "EJERCICIO Do WHILE 2\EJERCICIO Do WHILE 2.csproj", "{3093C08C-424F-43CD-992E-B39E5BE7F779}"
EndProject
Project("{9A19103F-16F7-4668-BE54-9A1E7A4F7556}") = "EJERCICIO Do WHILE 3", "EJERCICIO Do WHILE 3\EJERCICIO Do WHILE 3.csproj", "{824D1F15-CBD9-4C0C-B7F1-1A3297693B1F}"
EndProject
Project("{9A19103F-16F7-4668-BE54-9A1E7A4F7556}") = "EJERCICIO Do WHILE 4", "EJERCICIO Do WHILE 4\EJERCICIO Do WHILE 4.csproj", "{2D89F30F-DFAA-42E0-942D-64525688747D}"
EndProject
Project("{9A19103F-16F7-4668-BE54-9A1E7A4F7556}") = "EJERCICIO Do WHILE 5", "EJERCICIO Do WHILE 5\EJERCICIO Do WHILE 5.csproj", "{1081B559-B56D-41AF-B052-A824272FB85E}"
EndProject
Project("{9A19103F-16F7-4668-BE54-9A1E7A4F7556}") = "EJERCICIO Do WHILE 6", "EJERCICIO Do WHILE 6\EJERCICIO Do WHILE 6.csproj", "{659DFC6C-E5D7-4750-B6B8-A4D4773039D2}"
EndProject
Project("{9A19103F-16F7-4668-BE54-9A1E7A4F7556}") = "EJERCICIO Do WHILE 7", "EJERCICIO Do WHILE 7\EJERCICIO Do WHILE 7.csproj", "{B8610D8B-3C36-47DD-8E2C-A18838514739}"
EndProject
Project("{9A19103F-16F7-4668-BE54-9A1E7A4F7556}") = "EJERCICIO Do WHILE 8", "EJERCICIO Do WHILE 8\EJERCICIO Do WHILE 8.csproj", "{C74E7BF5-EC45-4D6D-8030-9AE704C6996A}"
EndProject
Project("{9A19103F-16F7-4668-BE54-9A1E7A4F7556}") = "EJERCICIO Do WHILE 9", "EJERCICIO Do WHILE 9\EJERCICIO Do WHILE 9.csproj", "{48367D89-8385-4A18-8D62-4CCA6CF7ED8A}"
EndProject
Project("{9A19103F-16F7-4668-BE54-9A1E7A4F7556}") = "EJERCICIOARRAY1", "EJERCICIOARRAY1\EJERCICIOARRAY1.csproj", "{0CA67E0E-DA8C-4DD7-B34E-2C3DBE117692}"
EndProject
Project("{9A19103F-16F7-4668-BE54-9A1E7A4F7556}") = "LISTEJEMPLO1", "LISTEJEMPLO1\LISTEJEMPLO1.csproj", "{24F7EAAE-BD3B-4274-B33A-6800236FE52B}"
EndProject
Project("{9A19103F-16F7-4668-BE54-9A1E7A4F7556}") = "EJERCICIOS FOR NUM4", "EJERCICIOS FOR NUM4\EJERCICIOS FOR NUM4.csproj", "{0E8DA8F7-A367-4EBE-85E5-0CE5D1FCD633}"
EndProject
Project("{9A19103F-16F7-4668-BE54-9A1E7A4F7556}") = "EJERCICIOARRAY2", "EJERCICIOARRAY2\EJERCICIOARRAY2.csproj", "{10865AED-7963-4CD6-83B5-743BC43603B3}"
EndProject
Project("{9A19103F-16F7-4668-BE54-9A1E7A4F7556}") = "EJERCICIOARRAY3", "EJERCICIOARRAY3\EJERCICIOARRAY3.csproj", "{F4350544-C579-43D2-B0F3-4FF7D0ED1867}"
EndProject
Project("{9A19103F-16F7-4668-BE54-9A1E7A4F7556}") = "EJERCICIOARRAY4", "EJERCICIOARRAY4\EJERCICIOARRAY4.csproj", "{EBBE6823-69D2-4CD5-B203-2303523C377E}"
EndProject
Project("{9A19103F-16F7-4668-BE54-9A1E7A4F7556}") = "EJERCICIOARRAY5", "EJERCICIOARRAY5\EJERCICIOARRAY5.csproj", "{AFBC0FC8-FFF9-4BBA-A528-181F56517A48}"
EndProject
Project("{9A19103F-16F7-4668-BE54-9A1E7A4F7556}") = "EJERCICIOARRAY6", "EJERCICIOARRAY6\EJERCICIOARRAY6.csproj", "{657024A0-A92E-43DC-8EBF-8A561BD18ECC}"
EndProject
Project("{9A19103F-16F7-4668-BE54-9A1E7A4F7556}") = "EJERCICIOARRAY7", "EJERCICIOARRAY7\EJERCICIOARRAY7.csproj", "{A2249642-C1B6-4199-BF44-FDB5315AFF7D}"
EndProject
Project("{9A19103F-16F7-4668-BE54-9A1E7A4F7556}") = "LISTARRAYLISTFUNCIONES", "LISTARRAYLISTFUNCIONES\LISTARRAYLISTFUNCIONES.csproj", "{1E7D758C-3978-4352-8E9C-D6FF938F2993}"
EndProject
Project("{9A19103F-16F7-4668-BE54-9A1E7A4F7556}") = "EJERCICIO Do WHILE 1", "EJERCICIO Do WHILE 1\EJERCICIO Do WHILE 1.csproj", "{AFFA6FD5-DDBA-4742-8993-705B3817A003}"
EndProject
Project("{9A19103F-16F7-4668-BE54-9A1E7A4F7556}") = "EJERCICIO WHILE 3", "EJERCICIO WHILE 3\EJERCICIO WHILE 3.csproj", "{64DD4CA3-FA24-4072-84B5-5B5AB7DA3B27}"
EndProject
Project("{9A19103F-16F7-4668-BE54-9A1E7A4F7556}") = "EJERCICIO WHILE 7", "EJERCICIO WHILE 7\EJERCICIO WHILE 7.csproj", "{20C43389-257B-4D78-9655-8187A521610E}"
EndProject
Project("{9A19103F-16F7-4668-BE54-9A1E7A4F7556}") = "EJERCICIO WHILE 8", "EJERCICIO WHILE 8\EJERCICIO WHILE 8.csproj", "{26D299B7-E74A-4F7A-B051-0E7F5BFD42C0}"
EndProject
Project("{9A19103F-16F7-4668-BE54-9A1E7A4F7556}") = "EJERCICIOS FOR NUM7", "EJERCICIOS FOR NUM7\EJERCICIOS FOR NUM7.csproj", "{B21177A6-8022-4B63-B62B-A52757F69A6E}"
EndProject
Project("{9A19103F-16F7-4668-BE54-9A1E7A4F7556}") = "EJERCICIOS FOR NUM8", "EJERCICIOS FOR NUM8\EJERCICIOS FOR NUM8.csproj", "{CEA06FEE-6753-4D44-800E-DEEE9EE9661A}"
EndProject
Project("{9A19103F-16F7-4668-BE54-9A1E7A4F7556}") = "ARRAYSBIDIMENSIONALES1", "ARRAYSBIDIMENSIONALES\ARRAYSBIDIMENSIONALES1.csproj", "{D1522222-3379-4B49-B46D-C46088E04B29}"
EndProject
Project("{9A19103F-16F7-4668-BE54-9A1E7A4F7556}") = "RULETADETEMAS", "RULETADETEMAS\RULETADETEMAS.csproj", "{330163FB-177F-43B6-A90B-CB98DA681240}"
EndProject
Project("{9A19103F-16F7-4668-BE54-9A1E7A4F7556}") = "ARRAYSBIDIMENSIONALES2", "ARRAYSBIDIMENSIONALES2\ARRAYSBIDIMENSIONALES2.csproj", "{7EEF0BCF-02F8-49A1-96D0-7CD8A4582EC9}"
EndProject
Project("{9A19103F-16F7-4668-BE54-9A1E7A4F7556}") = "ARRAYSBIDIMENSIONALES3", "ARRAYSBIDIMENSIONALES3\ARRAYSBIDIMENSIONALES3.csproj", "{F6F173BE-4F0B-4E94-98BB-FC7EC3924824}"
EndProject
Project("{9A19103F-16F7-4668-BE54-9A1E7A4F7556}") = "POO", "POO\POO.csproj", "{FFB03655-A1D1-41E7-BBAE-766398E9DA63}"
EndProject
Project("{9A19103F-16F7-4668-BE54-9A1E7A4F7556}") = "POO-CLASEPERSONAACT1", "POO-CLASEPERSONAACT1\POO-CLASEPERSONAACT1.csproj", "{E12E35EB-CD7D-4455-B378-99B6FDDE3E2B}"
EndProject
Project("{9A19103F-16F7-4668-BE54-9A1E7A4F7556}") = "ARRAYSBIDIMENSIONALES4", "ARRAYSBIDIMENSIONALES4\ARRAYSBIDIMENSIONALES4.csproj", "{D7E24914-D06A-416C-AEDA-A73C854256EB}"
EndProject
Project("{9A19103F-16F7-4668-BE54-9A1E7A4F7556}") = "POOEJERCICIO1", "POOEJERCICIO1\POOEJERCICIO1.csproj", "{2DBE0DAA-2299-405D-AB07-6D9DA2DC3EF3}"
EndProject
Project("{9A19103F-16F7-4668-BE54-9A1E7A4F7556}") = "POOEJERCICIO4", "POOEJERCICIO4\POOEJERCICIO4.csproj", "{253CADA6-8086-4CB6-A390-BBB30A99C11E}"
EndProject
Project("{9A19103F-16F7-4668-BE54-9A1E7A4F7556}") = "POOEJERCICIO3", "POOEJERCICIO3\POOEJERCICIO3.csproj", "{993A9028-90F4-497D-810D-C2C966E1FE64}"
EndProject
Project("{9A19103F-16F7-4668-BE54-9A1E7A4F7556}") = "POOEJERCICIO2", "POOEJERCICIO2\POOEJERCICIO2.csproj", "{6AF02C9F-37FB-4C9F-ACED-8C237758D1C5}"
EndProject
Project("{9A19103F-16F7-4668-BE54-9A1E7A4F7556}") = "EJERCICIO2POOGUIA2", "EJERCICIO2POOGUIA2\EJERCICIO2POOGUIA2.csproj", "{BD906A4F-7BE6-426C-9422-A412C635FD2F}"
EndProject
Project("{9A19103F-16F7-4668-BE54-9A1E7A4F7556}") = "EJERCICIO3POOGUIA2", "EJERCICIO3POOGUIA2\EJERCICIO3POOGUIA2.csproj", "{684DDE8B-189A-45AF-95B9-C4E97AE21103}"
EndProject
Project("{9A19103F-16F7-4668-BE54-9A1E7A4F7556}") = "EJERCICIO4POOGUIA2", "EJERCICIO4POOGUIA2\EJERCICIO4POOGUIA2.csproj", "{DA67F4E2-461A-49AC-AC0D-693D55BC2BF5}"
EndProject
Project("{9A19103F-16F7-4668-BE54-9A1E7A4F7556}") = "EJERCICIO5POOGUIA2", "EJERCICIO5POOGUIA2\EJERCICIO5POOGUIA2.csproj", "{4FCF2C2A-CA92-4B30-BC6B-8702CA6FEEA0}"
EndProject
Project("{9A19103F-16F7-4668-BE54-9A1E7A4F7556}") = "EJERCICIO6POOGUIA2", "EJERCICIO6POOGUIA2\EJERCICIO6POOGUIA2.csproj", "{CBE1E1C4-7B9B-4E33-9B63-42473C3680DC}"
EndProject
Project("{9A19103F-16F7-4668-BE54-9A1E7A4F7556}") = "EJERCICIO1POOGUIA2", "EJERCICIO1POOGUIA2\EJERCICIO1POOGUIA2.csproj", "{8DC79406-54FF-481D-9684-83F1B749B417}"
EndProject
Project("{9A19103F-16F7-4668-BE54-9A1E7A4F7556}") = "practicaexamen", "practicaexamen\practicaexamen.csproj", "{0CEA0DBF-35CB-45BA-96B0-9F434AE5C725}"
EndProject
Project("{9A19103F-16F7-4668-BE54-9A1E7A4F7556}") = "INSTRUMENTODEEVALUACION01TRIMESTRE", "INSTRUMENTODEEVALUACION01TRIMESTRE\INSTRUMENTODEEVALUACION01TRIMESTRE.csproj", "{74202840-8452-4730-B6D0-940CAC050E7F}"
EndProject
Project("{9A19103F-16F7-4668-BE54-9A1E7A4F7556}") = "RECUPERACIONPOOFASE1", "RECUPERACIONPOOFASE1\RECUPERACIONPOOFASE1.csproj", "{25AB22CE-4E6F-4B9B-B577-A4375BBE2791}"
EndProject
Project("{9A19103F-16F7-4668-BE54-9A1E7A4F7556}") = "DARWIN", "DARWIN\DARWIN.csproj", "{CABB73B6-D9B6-444A-A0A6-626D28115E77}"
EndProject
Project("{9A19103F-16F7-4668-BE54-9A1E7A4F7556}") = "recuperacion-manuel", "recuperacion-manuel\recuperacion-manuel.csproj", "{D9E704D4-B32A-43F0-B6FC-41FB540F65E6}"
EndProject
Project("{9A19103F-16F7-4668-BE54-9A1E7A4F7556}") = "JUANEJEMPLO", "JUANEJEMPLO\JUANEJEMPLO.csproj", "{F11FF62B-87F5-4EBA-B94E-0184B2F71648}"
EndProject
Project("{FAE04EC0-301F-11D3-BF4B-00C04F79EFBC}") = "proyectoCleanCode", "proyectoCleanCode\proyectoCleanCode.csproj", "{C2697F24-98FB-4F89-AA9E-45F6C4B07D03}"
EndProject
Global
	GlobalSection(SolutionConfigurationPlatforms) = preSolution
		Debug|Any CPU = Debug|Any CPU
		Release|Any CPU = Release|Any CPU
	EndGlobalSection
	GlobalSection(ProjectConfigurationPlatforms) = postSolution
		{A0484FE2-5D55-4DF3-B7AC-CA17163F77AF}.Debug|Any CPU.ActiveCfg = Debug|Any CPU
		{A0484FE2-5D55-4DF3-B7AC-CA17163F77AF}.Debug|Any CPU.Build.0 = Debug|Any CPU
		{A0484FE2-5D55-4DF3-B7AC-CA17163F77AF}.Release|Any CPU.ActiveCfg = Release|Any CPU
		{A0484FE2-5D55-4DF3-B7AC-CA17163F77AF}.Release|Any CPU.Build.0 = Release|Any CPU
		{6DF636C4-6353-4B22-A281-CAD26AAFC0DC}.Debug|Any CPU.ActiveCfg = Debug|Any CPU
		{6DF636C4-6353-4B22-A281-CAD26AAFC0DC}.Debug|Any CPU.Build.0 = Debug|Any CPU
		{6DF636C4-6353-4B22-A281-CAD26AAFC0DC}.Release|Any CPU.ActiveCfg = Release|Any CPU
		{6DF636C4-6353-4B22-A281-CAD26AAFC0DC}.Release|Any CPU.Build.0 = Release|Any CPU
		{3D831449-DD7E-4D93-A7AF-B9B2AC46C9A7}.Debug|Any CPU.ActiveCfg = Debug|Any CPU
		{3D831449-DD7E-4D93-A7AF-B9B2AC46C9A7}.Debug|Any CPU.Build.0 = Debug|Any CPU
		{3D831449-DD7E-4D93-A7AF-B9B2AC46C9A7}.Release|Any CPU.ActiveCfg = Release|Any CPU
		{3D831449-DD7E-4D93-A7AF-B9B2AC46C9A7}.Release|Any CPU.Build.0 = Release|Any CPU
		{F4CB8AD4-6A6A-48C3-9113-AA285D91E7A3}.Debug|Any CPU.ActiveCfg = Debug|Any CPU
		{F4CB8AD4-6A6A-48C3-9113-AA285D91E7A3}.Debug|Any CPU.Build.0 = Debug|Any CPU
		{F4CB8AD4-6A6A-48C3-9113-AA285D91E7A3}.Release|Any CPU.ActiveCfg = Release|Any CPU
		{F4CB8AD4-6A6A-48C3-9113-AA285D91E7A3}.Release|Any CPU.Build.0 = Release|Any CPU
		{263ECC53-16BE-486B-BCD6-F9FD13617F54}.Debug|Any CPU.ActiveCfg = Debug|Any CPU
		{263ECC53-16BE-486B-BCD6-F9FD13617F54}.Debug|Any CPU.Build.0 = Debug|Any CPU
		{263ECC53-16BE-486B-BCD6-F9FD13617F54}.Release|Any CPU.ActiveCfg = Release|Any CPU
		{263ECC53-16BE-486B-BCD6-F9FD13617F54}.Release|Any CPU.Build.0 = Release|Any CPU
		{5C5CFCB4-6AE9-4505-96E9-119DACB1EA9A}.Debug|Any CPU.ActiveCfg = Debug|Any CPU
		{5C5CFCB4-6AE9-4505-96E9-119DACB1EA9A}.Debug|Any CPU.Build.0 = Debug|Any CPU
		{5C5CFCB4-6AE9-4505-96E9-119DACB1EA9A}.Release|Any CPU.ActiveCfg = Release|Any CPU
		{5C5CFCB4-6AE9-4505-96E9-119DACB1EA9A}.Release|Any CPU.Build.0 = Release|Any CPU
		{E812F441-A904-4D22-9D31-09666ED2DCDA}.Debug|Any CPU.ActiveCfg = Debug|Any CPU
		{E812F441-A904-4D22-9D31-09666ED2DCDA}.Debug|Any CPU.Build.0 = Debug|Any CPU
		{E812F441-A904-4D22-9D31-09666ED2DCDA}.Release|Any CPU.ActiveCfg = Release|Any CPU
		{E812F441-A904-4D22-9D31-09666ED2DCDA}.Release|Any CPU.Build.0 = Release|Any CPU
		{0A25F546-0AD9-4E23-9C8E-6FB7D3D25EB8}.Debug|Any CPU.ActiveCfg = Debug|Any CPU
		{0A25F546-0AD9-4E23-9C8E-6FB7D3D25EB8}.Debug|Any CPU.Build.0 = Debug|Any CPU
		{0A25F546-0AD9-4E23-9C8E-6FB7D3D25EB8}.Release|Any CPU.ActiveCfg = Release|Any CPU
		{0A25F546-0AD9-4E23-9C8E-6FB7D3D25EB8}.Release|Any CPU.Build.0 = Release|Any CPU
		{59AE3619-FF2C-4262-AE52-2738534A8EE5}.Debug|Any CPU.ActiveCfg = Debug|Any CPU
		{59AE3619-FF2C-4262-AE52-2738534A8EE5}.Debug|Any CPU.Build.0 = Debug|Any CPU
		{59AE3619-FF2C-4262-AE52-2738534A8EE5}.Release|Any CPU.ActiveCfg = Release|Any CPU
		{59AE3619-FF2C-4262-AE52-2738534A8EE5}.Release|Any CPU.Build.0 = Release|Any CPU
		{8D338969-5345-4890-8754-7DA3DAB8BB1D}.Debug|Any CPU.ActiveCfg = Debug|Any CPU
		{8D338969-5345-4890-8754-7DA3DAB8BB1D}.Debug|Any CPU.Build.0 = Debug|Any CPU
		{8D338969-5345-4890-8754-7DA3DAB8BB1D}.Release|Any CPU.ActiveCfg = Release|Any CPU
		{8D338969-5345-4890-8754-7DA3DAB8BB1D}.Release|Any CPU.Build.0 = Release|Any CPU
		{6368FAF6-931C-4CC8-94B1-68B94580EF46}.Debug|Any CPU.ActiveCfg = Debug|Any CPU
		{6368FAF6-931C-4CC8-94B1-68B94580EF46}.Debug|Any CPU.Build.0 = Debug|Any CPU
		{6368FAF6-931C-4CC8-94B1-68B94580EF46}.Release|Any CPU.ActiveCfg = Release|Any CPU
		{6368FAF6-931C-4CC8-94B1-68B94580EF46}.Release|Any CPU.Build.0 = Release|Any CPU
		{BCAF923C-3C20-4337-BB22-D40AC623286A}.Debug|Any CPU.ActiveCfg = Debug|Any CPU
		{BCAF923C-3C20-4337-BB22-D40AC623286A}.Debug|Any CPU.Build.0 = Debug|Any CPU
		{BCAF923C-3C20-4337-BB22-D40AC623286A}.Release|Any CPU.ActiveCfg = Release|Any CPU
		{BCAF923C-3C20-4337-BB22-D40AC623286A}.Release|Any CPU.Build.0 = Release|Any CPU
		{3B5AA1FC-5189-477D-B5B9-CB35ADDFDEC9}.Debug|Any CPU.ActiveCfg = Debug|Any CPU
		{3B5AA1FC-5189-477D-B5B9-CB35ADDFDEC9}.Debug|Any CPU.Build.0 = Debug|Any CPU
		{3B5AA1FC-5189-477D-B5B9-CB35ADDFDEC9}.Release|Any CPU.ActiveCfg = Release|Any CPU
		{3B5AA1FC-5189-477D-B5B9-CB35ADDFDEC9}.Release|Any CPU.Build.0 = Release|Any CPU
		{8D0C9DE8-0994-43AC-9CBF-9508B9876E30}.Debug|Any CPU.ActiveCfg = Debug|Any CPU
		{8D0C9DE8-0994-43AC-9CBF-9508B9876E30}.Debug|Any CPU.Build.0 = Debug|Any CPU
		{8D0C9DE8-0994-43AC-9CBF-9508B9876E30}.Release|Any CPU.ActiveCfg = Release|Any CPU
		{8D0C9DE8-0994-43AC-9CBF-9508B9876E30}.Release|Any CPU.Build.0 = Release|Any CPU
		{E71BD2E0-8918-474E-B0A0-068D7D6D698D}.Debug|Any CPU.ActiveCfg = Debug|Any CPU
		{E71BD2E0-8918-474E-B0A0-068D7D6D698D}.Debug|Any CPU.Build.0 = Debug|Any CPU
		{E71BD2E0-8918-474E-B0A0-068D7D6D698D}.Release|Any CPU.ActiveCfg = Release|Any CPU
		{E71BD2E0-8918-474E-B0A0-068D7D6D698D}.Release|Any CPU.Build.0 = Release|Any CPU
		{E4A5197A-958F-4CB4-ADF4-D0AAAB0811A5}.Debug|Any CPU.ActiveCfg = Debug|Any CPU
		{E4A5197A-958F-4CB4-ADF4-D0AAAB0811A5}.Debug|Any CPU.Build.0 = Debug|Any CPU
		{E4A5197A-958F-4CB4-ADF4-D0AAAB0811A5}.Release|Any CPU.ActiveCfg = Release|Any CPU
		{E4A5197A-958F-4CB4-ADF4-D0AAAB0811A5}.Release|Any CPU.Build.0 = Release|Any CPU
		{39FFB158-6755-46FC-9A13-821A2E29A8E4}.Debug|Any CPU.ActiveCfg = Debug|Any CPU
		{39FFB158-6755-46FC-9A13-821A2E29A8E4}.Debug|Any CPU.Build.0 = Debug|Any CPU
		{39FFB158-6755-46FC-9A13-821A2E29A8E4}.Release|Any CPU.ActiveCfg = Release|Any CPU
		{39FFB158-6755-46FC-9A13-821A2E29A8E4}.Release|Any CPU.Build.0 = Release|Any CPU
		{E9D456C6-4C1D-4159-91DC-63AF2F54B5C4}.Debug|Any CPU.ActiveCfg = Debug|Any CPU
		{E9D456C6-4C1D-4159-91DC-63AF2F54B5C4}.Debug|Any CPU.Build.0 = Debug|Any CPU
		{E9D456C6-4C1D-4159-91DC-63AF2F54B5C4}.Release|Any CPU.ActiveCfg = Release|Any CPU
		{E9D456C6-4C1D-4159-91DC-63AF2F54B5C4}.Release|Any CPU.Build.0 = Release|Any CPU
		{D001E0FC-1F15-403C-B1EC-25A41D3B1548}.Debug|Any CPU.ActiveCfg = Debug|Any CPU
		{D001E0FC-1F15-403C-B1EC-25A41D3B1548}.Debug|Any CPU.Build.0 = Debug|Any CPU
		{D001E0FC-1F15-403C-B1EC-25A41D3B1548}.Release|Any CPU.ActiveCfg = Release|Any CPU
		{D001E0FC-1F15-403C-B1EC-25A41D3B1548}.Release|Any CPU.Build.0 = Release|Any CPU
		{FE5315F6-022F-456C-8E73-136409D73451}.Debug|Any CPU.ActiveCfg = Debug|Any CPU
		{FE5315F6-022F-456C-8E73-136409D73451}.Debug|Any CPU.Build.0 = Debug|Any CPU
		{FE5315F6-022F-456C-8E73-136409D73451}.Release|Any CPU.ActiveCfg = Release|Any CPU
		{FE5315F6-022F-456C-8E73-136409D73451}.Release|Any CPU.Build.0 = Release|Any CPU
		{D0EB61F3-5F0A-484A-9247-594D403DA17B}.Debug|Any CPU.ActiveCfg = Debug|Any CPU
		{D0EB61F3-5F0A-484A-9247-594D403DA17B}.Debug|Any CPU.Build.0 = Debug|Any CPU
		{D0EB61F3-5F0A-484A-9247-594D403DA17B}.Release|Any CPU.ActiveCfg = Release|Any CPU
		{D0EB61F3-5F0A-484A-9247-594D403DA17B}.Release|Any CPU.Build.0 = Release|Any CPU
		{F5C0EC98-461E-4788-B52F-FBEF20E3CF2B}.Debug|Any CPU.ActiveCfg = Debug|Any CPU
		{F5C0EC98-461E-4788-B52F-FBEF20E3CF2B}.Debug|Any CPU.Build.0 = Debug|Any CPU
		{F5C0EC98-461E-4788-B52F-FBEF20E3CF2B}.Release|Any CPU.ActiveCfg = Release|Any CPU
		{F5C0EC98-461E-4788-B52F-FBEF20E3CF2B}.Release|Any CPU.Build.0 = Release|Any CPU
		{AEAF5636-F0F6-4767-BD16-D284374135F6}.Debug|Any CPU.ActiveCfg = Debug|Any CPU
		{AEAF5636-F0F6-4767-BD16-D284374135F6}.Debug|Any CPU.Build.0 = Debug|Any CPU
		{AEAF5636-F0F6-4767-BD16-D284374135F6}.Release|Any CPU.ActiveCfg = Release|Any CPU
		{AEAF5636-F0F6-4767-BD16-D284374135F6}.Release|Any CPU.Build.0 = Release|Any CPU
		{3CB844AF-5990-4552-8E36-601E7DCCBE16}.Debug|Any CPU.ActiveCfg = Debug|Any CPU
		{3CB844AF-5990-4552-8E36-601E7DCCBE16}.Debug|Any CPU.Build.0 = Debug|Any CPU
		{3CB844AF-5990-4552-8E36-601E7DCCBE16}.Release|Any CPU.ActiveCfg = Release|Any CPU
		{3CB844AF-5990-4552-8E36-601E7DCCBE16}.Release|Any CPU.Build.0 = Release|Any CPU
		{9BB43955-3BAF-4FC1-A682-1AA431CACEA2}.Debug|Any CPU.ActiveCfg = Debug|Any CPU
		{9BB43955-3BAF-4FC1-A682-1AA431CACEA2}.Debug|Any CPU.Build.0 = Debug|Any CPU
		{9BB43955-3BAF-4FC1-A682-1AA431CACEA2}.Release|Any CPU.ActiveCfg = Release|Any CPU
		{9BB43955-3BAF-4FC1-A682-1AA431CACEA2}.Release|Any CPU.Build.0 = Release|Any CPU
		{1C84910C-0532-43E5-9492-3378ABA82A77}.Debug|Any CPU.ActiveCfg = Debug|Any CPU
		{1C84910C-0532-43E5-9492-3378ABA82A77}.Debug|Any CPU.Build.0 = Debug|Any CPU
		{1C84910C-0532-43E5-9492-3378ABA82A77}.Release|Any CPU.ActiveCfg = Release|Any CPU
		{1C84910C-0532-43E5-9492-3378ABA82A77}.Release|Any CPU.Build.0 = Release|Any CPU
		{BBECA83A-7566-48C0-ACD7-AD237DDADE85}.Debug|Any CPU.ActiveCfg = Debug|Any CPU
		{BBECA83A-7566-48C0-ACD7-AD237DDADE85}.Debug|Any CPU.Build.0 = Debug|Any CPU
		{BBECA83A-7566-48C0-ACD7-AD237DDADE85}.Release|Any CPU.ActiveCfg = Release|Any CPU
		{BBECA83A-7566-48C0-ACD7-AD237DDADE85}.Release|Any CPU.Build.0 = Release|Any CPU
		{799E9DAB-B93E-458E-8E09-5F71654E101C}.Debug|Any CPU.ActiveCfg = Debug|Any CPU
		{799E9DAB-B93E-458E-8E09-5F71654E101C}.Debug|Any CPU.Build.0 = Debug|Any CPU
		{799E9DAB-B93E-458E-8E09-5F71654E101C}.Release|Any CPU.ActiveCfg = Release|Any CPU
		{799E9DAB-B93E-458E-8E09-5F71654E101C}.Release|Any CPU.Build.0 = Release|Any CPU
		{C6C66B00-E0E6-4272-90DD-0F0F578148D0}.Debug|Any CPU.ActiveCfg = Debug|Any CPU
		{C6C66B00-E0E6-4272-90DD-0F0F578148D0}.Debug|Any CPU.Build.0 = Debug|Any CPU
		{C6C66B00-E0E6-4272-90DD-0F0F578148D0}.Release|Any CPU.ActiveCfg = Release|Any CPU
		{C6C66B00-E0E6-4272-90DD-0F0F578148D0}.Release|Any CPU.Build.0 = Release|Any CPU
		{8A10CBB1-4707-48C0-94CA-6614FB282E36}.Debug|Any CPU.ActiveCfg = Debug|Any CPU
		{8A10CBB1-4707-48C0-94CA-6614FB282E36}.Debug|Any CPU.Build.0 = Debug|Any CPU
		{8A10CBB1-4707-48C0-94CA-6614FB282E36}.Release|Any CPU.ActiveCfg = Release|Any CPU
		{8A10CBB1-4707-48C0-94CA-6614FB282E36}.Release|Any CPU.Build.0 = Release|Any CPU
		{E6814952-1D5C-4866-A3F1-768AC24192AA}.Debug|Any CPU.ActiveCfg = Debug|Any CPU
		{E6814952-1D5C-4866-A3F1-768AC24192AA}.Debug|Any CPU.Build.0 = Debug|Any CPU
		{E6814952-1D5C-4866-A3F1-768AC24192AA}.Release|Any CPU.ActiveCfg = Release|Any CPU
		{E6814952-1D5C-4866-A3F1-768AC24192AA}.Release|Any CPU.Build.0 = Release|Any CPU
		{D0E963E6-04BA-4FD0-856F-E2D1B0F66153}.Debug|Any CPU.ActiveCfg = Debug|Any CPU
		{D0E963E6-04BA-4FD0-856F-E2D1B0F66153}.Debug|Any CPU.Build.0 = Debug|Any CPU
		{D0E963E6-04BA-4FD0-856F-E2D1B0F66153}.Release|Any CPU.ActiveCfg = Release|Any CPU
		{D0E963E6-04BA-4FD0-856F-E2D1B0F66153}.Release|Any CPU.Build.0 = Release|Any CPU
		{5D837F45-D70E-4683-8B80-FCD4628CEB40}.Debug|Any CPU.ActiveCfg = Debug|Any CPU
		{5D837F45-D70E-4683-8B80-FCD4628CEB40}.Debug|Any CPU.Build.0 = Debug|Any CPU
		{5D837F45-D70E-4683-8B80-FCD4628CEB40}.Release|Any CPU.ActiveCfg = Release|Any CPU
		{5D837F45-D70E-4683-8B80-FCD4628CEB40}.Release|Any CPU.Build.0 = Release|Any CPU
		{7905AE30-4AB6-432A-9115-89E3007EF3E2}.Debug|Any CPU.ActiveCfg = Debug|Any CPU
		{7905AE30-4AB6-432A-9115-89E3007EF3E2}.Debug|Any CPU.Build.0 = Debug|Any CPU
		{7905AE30-4AB6-432A-9115-89E3007EF3E2}.Release|Any CPU.ActiveCfg = Release|Any CPU
		{7905AE30-4AB6-432A-9115-89E3007EF3E2}.Release|Any CPU.Build.0 = Release|Any CPU
		{F77B0A64-E6CA-4027-8DD0-8D7FF34A0276}.Debug|Any CPU.ActiveCfg = Debug|Any CPU
		{F77B0A64-E6CA-4027-8DD0-8D7FF34A0276}.Debug|Any CPU.Build.0 = Debug|Any CPU
		{F77B0A64-E6CA-4027-8DD0-8D7FF34A0276}.Release|Any CPU.ActiveCfg = Release|Any CPU
		{F77B0A64-E6CA-4027-8DD0-8D7FF34A0276}.Release|Any CPU.Build.0 = Release|Any CPU
		{6E1BF03B-8BE5-41B7-91C2-BC1E636102A8}.Debug|Any CPU.ActiveCfg = Debug|Any CPU
		{6E1BF03B-8BE5-41B7-91C2-BC1E636102A8}.Debug|Any CPU.Build.0 = Debug|Any CPU
		{6E1BF03B-8BE5-41B7-91C2-BC1E636102A8}.Release|Any CPU.ActiveCfg = Release|Any CPU
		{6E1BF03B-8BE5-41B7-91C2-BC1E636102A8}.Release|Any CPU.Build.0 = Release|Any CPU
		{0A0A75BA-6F2E-438A-B24F-9170E7FC5102}.Debug|Any CPU.ActiveCfg = Debug|Any CPU
		{0A0A75BA-6F2E-438A-B24F-9170E7FC5102}.Debug|Any CPU.Build.0 = Debug|Any CPU
		{0A0A75BA-6F2E-438A-B24F-9170E7FC5102}.Release|Any CPU.ActiveCfg = Release|Any CPU
		{0A0A75BA-6F2E-438A-B24F-9170E7FC5102}.Release|Any CPU.Build.0 = Release|Any CPU
		{A2EC5741-7051-430C-9CB7-586D9B34B4F1}.Debug|Any CPU.ActiveCfg = Debug|Any CPU
		{A2EC5741-7051-430C-9CB7-586D9B34B4F1}.Debug|Any CPU.Build.0 = Debug|Any CPU
		{A2EC5741-7051-430C-9CB7-586D9B34B4F1}.Release|Any CPU.ActiveCfg = Release|Any CPU
		{A2EC5741-7051-430C-9CB7-586D9B34B4F1}.Release|Any CPU.Build.0 = Release|Any CPU
		{88C13181-281D-4BAB-8ADA-5E4A87FEB394}.Debug|Any CPU.ActiveCfg = Debug|Any CPU
		{88C13181-281D-4BAB-8ADA-5E4A87FEB394}.Debug|Any CPU.Build.0 = Debug|Any CPU
		{88C13181-281D-4BAB-8ADA-5E4A87FEB394}.Release|Any CPU.ActiveCfg = Release|Any CPU
		{88C13181-281D-4BAB-8ADA-5E4A87FEB394}.Release|Any CPU.Build.0 = Release|Any CPU
		{98826A4D-A9EF-4417-9ED2-744B76E96EE9}.Debug|Any CPU.ActiveCfg = Debug|Any CPU
		{98826A4D-A9EF-4417-9ED2-744B76E96EE9}.Debug|Any CPU.Build.0 = Debug|Any CPU
		{98826A4D-A9EF-4417-9ED2-744B76E96EE9}.Release|Any CPU.ActiveCfg = Release|Any CPU
		{98826A4D-A9EF-4417-9ED2-744B76E96EE9}.Release|Any CPU.Build.0 = Release|Any CPU
		{5C760EA0-4363-411C-A058-0DAF6B8E3D8C}.Debug|Any CPU.ActiveCfg = Debug|Any CPU
		{5C760EA0-4363-411C-A058-0DAF6B8E3D8C}.Debug|Any CPU.Build.0 = Debug|Any CPU
		{5C760EA0-4363-411C-A058-0DAF6B8E3D8C}.Release|Any CPU.ActiveCfg = Release|Any CPU
		{5C760EA0-4363-411C-A058-0DAF6B8E3D8C}.Release|Any CPU.Build.0 = Release|Any CPU
		{3093C08C-424F-43CD-992E-B39E5BE7F779}.Debug|Any CPU.ActiveCfg = Debug|Any CPU
		{3093C08C-424F-43CD-992E-B39E5BE7F779}.Debug|Any CPU.Build.0 = Debug|Any CPU
		{3093C08C-424F-43CD-992E-B39E5BE7F779}.Release|Any CPU.ActiveCfg = Release|Any CPU
		{3093C08C-424F-43CD-992E-B39E5BE7F779}.Release|Any CPU.Build.0 = Release|Any CPU
		{824D1F15-CBD9-4C0C-B7F1-1A3297693B1F}.Debug|Any CPU.ActiveCfg = Debug|Any CPU
		{824D1F15-CBD9-4C0C-B7F1-1A3297693B1F}.Debug|Any CPU.Build.0 = Debug|Any CPU
		{824D1F15-CBD9-4C0C-B7F1-1A3297693B1F}.Release|Any CPU.ActiveCfg = Release|Any CPU
		{824D1F15-CBD9-4C0C-B7F1-1A3297693B1F}.Release|Any CPU.Build.0 = Release|Any CPU
		{2D89F30F-DFAA-42E0-942D-64525688747D}.Debug|Any CPU.ActiveCfg = Debug|Any CPU
		{2D89F30F-DFAA-42E0-942D-64525688747D}.Debug|Any CPU.Build.0 = Debug|Any CPU
		{2D89F30F-DFAA-42E0-942D-64525688747D}.Release|Any CPU.ActiveCfg = Release|Any CPU
		{2D89F30F-DFAA-42E0-942D-64525688747D}.Release|Any CPU.Build.0 = Release|Any CPU
		{1081B559-B56D-41AF-B052-A824272FB85E}.Debug|Any CPU.ActiveCfg = Debug|Any CPU
		{1081B559-B56D-41AF-B052-A824272FB85E}.Debug|Any CPU.Build.0 = Debug|Any CPU
		{1081B559-B56D-41AF-B052-A824272FB85E}.Release|Any CPU.ActiveCfg = Release|Any CPU
		{1081B559-B56D-41AF-B052-A824272FB85E}.Release|Any CPU.Build.0 = Release|Any CPU
		{659DFC6C-E5D7-4750-B6B8-A4D4773039D2}.Debug|Any CPU.ActiveCfg = Debug|Any CPU
		{659DFC6C-E5D7-4750-B6B8-A4D4773039D2}.Debug|Any CPU.Build.0 = Debug|Any CPU
		{659DFC6C-E5D7-4750-B6B8-A4D4773039D2}.Release|Any CPU.ActiveCfg = Release|Any CPU
		{659DFC6C-E5D7-4750-B6B8-A4D4773039D2}.Release|Any CPU.Build.0 = Release|Any CPU
		{B8610D8B-3C36-47DD-8E2C-A18838514739}.Debug|Any CPU.ActiveCfg = Debug|Any CPU
		{B8610D8B-3C36-47DD-8E2C-A18838514739}.Debug|Any CPU.Build.0 = Debug|Any CPU
		{B8610D8B-3C36-47DD-8E2C-A18838514739}.Release|Any CPU.ActiveCfg = Release|Any CPU
		{B8610D8B-3C36-47DD-8E2C-A18838514739}.Release|Any CPU.Build.0 = Release|Any CPU
		{C74E7BF5-EC45-4D6D-8030-9AE704C6996A}.Debug|Any CPU.ActiveCfg = Debug|Any CPU
		{C74E7BF5-EC45-4D6D-8030-9AE704C6996A}.Debug|Any CPU.Build.0 = Debug|Any CPU
		{C74E7BF5-EC45-4D6D-8030-9AE704C6996A}.Release|Any CPU.ActiveCfg = Release|Any CPU
		{C74E7BF5-EC45-4D6D-8030-9AE704C6996A}.Release|Any CPU.Build.0 = Release|Any CPU
		{48367D89-8385-4A18-8D62-4CCA6CF7ED8A}.Debug|Any CPU.ActiveCfg = Debug|Any CPU
		{48367D89-8385-4A18-8D62-4CCA6CF7ED8A}.Debug|Any CPU.Build.0 = Debug|Any CPU
		{48367D89-8385-4A18-8D62-4CCA6CF7ED8A}.Release|Any CPU.ActiveCfg = Release|Any CPU
		{48367D89-8385-4A18-8D62-4CCA6CF7ED8A}.Release|Any CPU.Build.0 = Release|Any CPU
		{0CA67E0E-DA8C-4DD7-B34E-2C3DBE117692}.Debug|Any CPU.ActiveCfg = Debug|Any CPU
		{0CA67E0E-DA8C-4DD7-B34E-2C3DBE117692}.Debug|Any CPU.Build.0 = Debug|Any CPU
		{0CA67E0E-DA8C-4DD7-B34E-2C3DBE117692}.Release|Any CPU.ActiveCfg = Release|Any CPU
		{0CA67E0E-DA8C-4DD7-B34E-2C3DBE117692}.Release|Any CPU.Build.0 = Release|Any CPU
		{24F7EAAE-BD3B-4274-B33A-6800236FE52B}.Debug|Any CPU.ActiveCfg = Debug|Any CPU
		{24F7EAAE-BD3B-4274-B33A-6800236FE52B}.Debug|Any CPU.Build.0 = Debug|Any CPU
		{24F7EAAE-BD3B-4274-B33A-6800236FE52B}.Release|Any CPU.ActiveCfg = Release|Any CPU
		{24F7EAAE-BD3B-4274-B33A-6800236FE52B}.Release|Any CPU.Build.0 = Release|Any CPU
		{0E8DA8F7-A367-4EBE-85E5-0CE5D1FCD633}.Debug|Any CPU.ActiveCfg = Debug|Any CPU
		{0E8DA8F7-A367-4EBE-85E5-0CE5D1FCD633}.Debug|Any CPU.Build.0 = Debug|Any CPU
		{0E8DA8F7-A367-4EBE-85E5-0CE5D1FCD633}.Release|Any CPU.ActiveCfg = Release|Any CPU
		{0E8DA8F7-A367-4EBE-85E5-0CE5D1FCD633}.Release|Any CPU.Build.0 = Release|Any CPU
		{10865AED-7963-4CD6-83B5-743BC43603B3}.Debug|Any CPU.ActiveCfg = Debug|Any CPU
		{10865AED-7963-4CD6-83B5-743BC43603B3}.Debug|Any CPU.Build.0 = Debug|Any CPU
		{10865AED-7963-4CD6-83B5-743BC43603B3}.Release|Any CPU.ActiveCfg = Release|Any CPU
		{10865AED-7963-4CD6-83B5-743BC43603B3}.Release|Any CPU.Build.0 = Release|Any CPU
		{F4350544-C579-43D2-B0F3-4FF7D0ED1867}.Debug|Any CPU.ActiveCfg = Debug|Any CPU
		{F4350544-C579-43D2-B0F3-4FF7D0ED1867}.Debug|Any CPU.Build.0 = Debug|Any CPU
		{F4350544-C579-43D2-B0F3-4FF7D0ED1867}.Release|Any CPU.ActiveCfg = Release|Any CPU
		{F4350544-C579-43D2-B0F3-4FF7D0ED1867}.Release|Any CPU.Build.0 = Release|Any CPU
		{EBBE6823-69D2-4CD5-B203-2303523C377E}.Debug|Any CPU.ActiveCfg = Debug|Any CPU
		{EBBE6823-69D2-4CD5-B203-2303523C377E}.Debug|Any CPU.Build.0 = Debug|Any CPU
		{EBBE6823-69D2-4CD5-B203-2303523C377E}.Release|Any CPU.ActiveCfg = Release|Any CPU
		{EBBE6823-69D2-4CD5-B203-2303523C377E}.Release|Any CPU.Build.0 = Release|Any CPU
		{AFBC0FC8-FFF9-4BBA-A528-181F56517A48}.Debug|Any CPU.ActiveCfg = Debug|Any CPU
		{AFBC0FC8-FFF9-4BBA-A528-181F56517A48}.Debug|Any CPU.Build.0 = Debug|Any CPU
		{AFBC0FC8-FFF9-4BBA-A528-181F56517A48}.Release|Any CPU.ActiveCfg = Release|Any CPU
		{AFBC0FC8-FFF9-4BBA-A528-181F56517A48}.Release|Any CPU.Build.0 = Release|Any CPU
		{657024A0-A92E-43DC-8EBF-8A561BD18ECC}.Debug|Any CPU.ActiveCfg = Debug|Any CPU
		{657024A0-A92E-43DC-8EBF-8A561BD18ECC}.Debug|Any CPU.Build.0 = Debug|Any CPU
		{657024A0-A92E-43DC-8EBF-8A561BD18ECC}.Release|Any CPU.ActiveCfg = Release|Any CPU
		{657024A0-A92E-43DC-8EBF-8A561BD18ECC}.Release|Any CPU.Build.0 = Release|Any CPU
		{A2249642-C1B6-4199-BF44-FDB5315AFF7D}.Debug|Any CPU.ActiveCfg = Debug|Any CPU
		{A2249642-C1B6-4199-BF44-FDB5315AFF7D}.Debug|Any CPU.Build.0 = Debug|Any CPU
		{A2249642-C1B6-4199-BF44-FDB5315AFF7D}.Release|Any CPU.ActiveCfg = Release|Any CPU
		{A2249642-C1B6-4199-BF44-FDB5315AFF7D}.Release|Any CPU.Build.0 = Release|Any CPU
		{1E7D758C-3978-4352-8E9C-D6FF938F2993}.Debug|Any CPU.ActiveCfg = Debug|Any CPU
		{1E7D758C-3978-4352-8E9C-D6FF938F2993}.Debug|Any CPU.Build.0 = Debug|Any CPU
		{1E7D758C-3978-4352-8E9C-D6FF938F2993}.Release|Any CPU.ActiveCfg = Release|Any CPU
		{1E7D758C-3978-4352-8E9C-D6FF938F2993}.Release|Any CPU.Build.0 = Release|Any CPU
		{AFFA6FD5-DDBA-4742-8993-705B3817A003}.Debug|Any CPU.ActiveCfg = Debug|Any CPU
		{AFFA6FD5-DDBA-4742-8993-705B3817A003}.Debug|Any CPU.Build.0 = Debug|Any CPU
		{AFFA6FD5-DDBA-4742-8993-705B3817A003}.Release|Any CPU.ActiveCfg = Release|Any CPU
		{AFFA6FD5-DDBA-4742-8993-705B3817A003}.Release|Any CPU.Build.0 = Release|Any CPU
		{64DD4CA3-FA24-4072-84B5-5B5AB7DA3B27}.Debug|Any CPU.ActiveCfg = Debug|Any CPU
		{64DD4CA3-FA24-4072-84B5-5B5AB7DA3B27}.Debug|Any CPU.Build.0 = Debug|Any CPU
		{64DD4CA3-FA24-4072-84B5-5B5AB7DA3B27}.Release|Any CPU.ActiveCfg = Release|Any CPU
		{64DD4CA3-FA24-4072-84B5-5B5AB7DA3B27}.Release|Any CPU.Build.0 = Release|Any CPU
		{20C43389-257B-4D78-9655-8187A521610E}.Debug|Any CPU.ActiveCfg = Debug|Any CPU
		{20C43389-257B-4D78-9655-8187A521610E}.Debug|Any CPU.Build.0 = Debug|Any CPU
		{20C43389-257B-4D78-9655-8187A521610E}.Release|Any CPU.ActiveCfg = Release|Any CPU
		{20C43389-257B-4D78-9655-8187A521610E}.Release|Any CPU.Build.0 = Release|Any CPU
		{26D299B7-E74A-4F7A-B051-0E7F5BFD42C0}.Debug|Any CPU.ActiveCfg = Debug|Any CPU
		{26D299B7-E74A-4F7A-B051-0E7F5BFD42C0}.Debug|Any CPU.Build.0 = Debug|Any CPU
		{26D299B7-E74A-4F7A-B051-0E7F5BFD42C0}.Release|Any CPU.ActiveCfg = Release|Any CPU
		{26D299B7-E74A-4F7A-B051-0E7F5BFD42C0}.Release|Any CPU.Build.0 = Release|Any CPU
		{B21177A6-8022-4B63-B62B-A52757F69A6E}.Debug|Any CPU.ActiveCfg = Debug|Any CPU
		{B21177A6-8022-4B63-B62B-A52757F69A6E}.Debug|Any CPU.Build.0 = Debug|Any CPU
		{B21177A6-8022-4B63-B62B-A52757F69A6E}.Release|Any CPU.ActiveCfg = Release|Any CPU
		{B21177A6-8022-4B63-B62B-A52757F69A6E}.Release|Any CPU.Build.0 = Release|Any CPU
		{CEA06FEE-6753-4D44-800E-DEEE9EE9661A}.Debug|Any CPU.ActiveCfg = Debug|Any CPU
		{CEA06FEE-6753-4D44-800E-DEEE9EE9661A}.Debug|Any CPU.Build.0 = Debug|Any CPU
		{CEA06FEE-6753-4D44-800E-DEEE9EE9661A}.Release|Any CPU.ActiveCfg = Release|Any CPU
		{CEA06FEE-6753-4D44-800E-DEEE9EE9661A}.Release|Any CPU.Build.0 = Release|Any CPU
		{D1522222-3379-4B49-B46D-C46088E04B29}.Debug|Any CPU.ActiveCfg = Debug|Any CPU
		{D1522222-3379-4B49-B46D-C46088E04B29}.Debug|Any CPU.Build.0 = Debug|Any CPU
		{D1522222-3379-4B49-B46D-C46088E04B29}.Release|Any CPU.ActiveCfg = Release|Any CPU
		{D1522222-3379-4B49-B46D-C46088E04B29}.Release|Any CPU.Build.0 = Release|Any CPU
		{330163FB-177F-43B6-A90B-CB98DA681240}.Debug|Any CPU.ActiveCfg = Debug|Any CPU
		{330163FB-177F-43B6-A90B-CB98DA681240}.Debug|Any CPU.Build.0 = Debug|Any CPU
		{330163FB-177F-43B6-A90B-CB98DA681240}.Release|Any CPU.ActiveCfg = Release|Any CPU
		{330163FB-177F-43B6-A90B-CB98DA681240}.Release|Any CPU.Build.0 = Release|Any CPU
		{7EEF0BCF-02F8-49A1-96D0-7CD8A4582EC9}.Debug|Any CPU.ActiveCfg = Debug|Any CPU
		{7EEF0BCF-02F8-49A1-96D0-7CD8A4582EC9}.Debug|Any CPU.Build.0 = Debug|Any CPU
		{7EEF0BCF-02F8-49A1-96D0-7CD8A4582EC9}.Release|Any CPU.ActiveCfg = Release|Any CPU
		{7EEF0BCF-02F8-49A1-96D0-7CD8A4582EC9}.Release|Any CPU.Build.0 = Release|Any CPU
		{F6F173BE-4F0B-4E94-98BB-FC7EC3924824}.Debug|Any CPU.ActiveCfg = Debug|Any CPU
		{F6F173BE-4F0B-4E94-98BB-FC7EC3924824}.Debug|Any CPU.Build.0 = Debug|Any CPU
		{F6F173BE-4F0B-4E94-98BB-FC7EC3924824}.Release|Any CPU.ActiveCfg = Release|Any CPU
		{F6F173BE-4F0B-4E94-98BB-FC7EC3924824}.Release|Any CPU.Build.0 = Release|Any CPU
		{FFB03655-A1D1-41E7-BBAE-766398E9DA63}.Debug|Any CPU.ActiveCfg = Debug|Any CPU
		{FFB03655-A1D1-41E7-BBAE-766398E9DA63}.Debug|Any CPU.Build.0 = Debug|Any CPU
		{FFB03655-A1D1-41E7-BBAE-766398E9DA63}.Release|Any CPU.ActiveCfg = Release|Any CPU
		{FFB03655-A1D1-41E7-BBAE-766398E9DA63}.Release|Any CPU.Build.0 = Release|Any CPU
		{E12E35EB-CD7D-4455-B378-99B6FDDE3E2B}.Debug|Any CPU.ActiveCfg = Debug|Any CPU
		{E12E35EB-CD7D-4455-B378-99B6FDDE3E2B}.Debug|Any CPU.Build.0 = Debug|Any CPU
		{E12E35EB-CD7D-4455-B378-99B6FDDE3E2B}.Release|Any CPU.ActiveCfg = Release|Any CPU
		{E12E35EB-CD7D-4455-B378-99B6FDDE3E2B}.Release|Any CPU.Build.0 = Release|Any CPU
		{D7E24914-D06A-416C-AEDA-A73C854256EB}.Debug|Any CPU.ActiveCfg = Debug|Any CPU
		{D7E24914-D06A-416C-AEDA-A73C854256EB}.Debug|Any CPU.Build.0 = Debug|Any CPU
		{D7E24914-D06A-416C-AEDA-A73C854256EB}.Release|Any CPU.ActiveCfg = Release|Any CPU
		{D7E24914-D06A-416C-AEDA-A73C854256EB}.Release|Any CPU.Build.0 = Release|Any CPU
		{2DBE0DAA-2299-405D-AB07-6D9DA2DC3EF3}.Debug|Any CPU.ActiveCfg = Debug|Any CPU
		{2DBE0DAA-2299-405D-AB07-6D9DA2DC3EF3}.Debug|Any CPU.Build.0 = Debug|Any CPU
		{2DBE0DAA-2299-405D-AB07-6D9DA2DC3EF3}.Release|Any CPU.ActiveCfg = Release|Any CPU
		{2DBE0DAA-2299-405D-AB07-6D9DA2DC3EF3}.Release|Any CPU.Build.0 = Release|Any CPU
		{253CADA6-8086-4CB6-A390-BBB30A99C11E}.Debug|Any CPU.ActiveCfg = Debug|Any CPU
		{253CADA6-8086-4CB6-A390-BBB30A99C11E}.Debug|Any CPU.Build.0 = Debug|Any CPU
		{253CADA6-8086-4CB6-A390-BBB30A99C11E}.Release|Any CPU.ActiveCfg = Release|Any CPU
		{253CADA6-8086-4CB6-A390-BBB30A99C11E}.Release|Any CPU.Build.0 = Release|Any CPU
		{993A9028-90F4-497D-810D-C2C966E1FE64}.Debug|Any CPU.ActiveCfg = Debug|Any CPU
		{993A9028-90F4-497D-810D-C2C966E1FE64}.Debug|Any CPU.Build.0 = Debug|Any CPU
		{993A9028-90F4-497D-810D-C2C966E1FE64}.Release|Any CPU.ActiveCfg = Release|Any CPU
		{993A9028-90F4-497D-810D-C2C966E1FE64}.Release|Any CPU.Build.0 = Release|Any CPU
		{6AF02C9F-37FB-4C9F-ACED-8C237758D1C5}.Debug|Any CPU.ActiveCfg = Debug|Any CPU
		{6AF02C9F-37FB-4C9F-ACED-8C237758D1C5}.Debug|Any CPU.Build.0 = Debug|Any CPU
		{6AF02C9F-37FB-4C9F-ACED-8C237758D1C5}.Release|Any CPU.ActiveCfg = Release|Any CPU
		{6AF02C9F-37FB-4C9F-ACED-8C237758D1C5}.Release|Any CPU.Build.0 = Release|Any CPU
		{BD906A4F-7BE6-426C-9422-A412C635FD2F}.Debug|Any CPU.ActiveCfg = Debug|Any CPU
		{BD906A4F-7BE6-426C-9422-A412C635FD2F}.Debug|Any CPU.Build.0 = Debug|Any CPU
		{BD906A4F-7BE6-426C-9422-A412C635FD2F}.Release|Any CPU.ActiveCfg = Release|Any CPU
		{BD906A4F-7BE6-426C-9422-A412C635FD2F}.Release|Any CPU.Build.0 = Release|Any CPU
		{684DDE8B-189A-45AF-95B9-C4E97AE21103}.Debug|Any CPU.ActiveCfg = Debug|Any CPU
		{684DDE8B-189A-45AF-95B9-C4E97AE21103}.Debug|Any CPU.Build.0 = Debug|Any CPU
		{684DDE8B-189A-45AF-95B9-C4E97AE21103}.Release|Any CPU.ActiveCfg = Release|Any CPU
		{684DDE8B-189A-45AF-95B9-C4E97AE21103}.Release|Any CPU.Build.0 = Release|Any CPU
		{DA67F4E2-461A-49AC-AC0D-693D55BC2BF5}.Debug|Any CPU.ActiveCfg = Debug|Any CPU
		{DA67F4E2-461A-49AC-AC0D-693D55BC2BF5}.Debug|Any CPU.Build.0 = Debug|Any CPU
		{DA67F4E2-461A-49AC-AC0D-693D55BC2BF5}.Release|Any CPU.ActiveCfg = Release|Any CPU
		{DA67F4E2-461A-49AC-AC0D-693D55BC2BF5}.Release|Any CPU.Build.0 = Release|Any CPU
		{4FCF2C2A-CA92-4B30-BC6B-8702CA6FEEA0}.Debug|Any CPU.ActiveCfg = Debug|Any CPU
		{4FCF2C2A-CA92-4B30-BC6B-8702CA6FEEA0}.Debug|Any CPU.Build.0 = Debug|Any CPU
		{4FCF2C2A-CA92-4B30-BC6B-8702CA6FEEA0}.Release|Any CPU.ActiveCfg = Release|Any CPU
		{4FCF2C2A-CA92-4B30-BC6B-8702CA6FEEA0}.Release|Any CPU.Build.0 = Release|Any CPU
		{CBE1E1C4-7B9B-4E33-9B63-42473C3680DC}.Debug|Any CPU.ActiveCfg = Debug|Any CPU
		{CBE1E1C4-7B9B-4E33-9B63-42473C3680DC}.Debug|Any CPU.Build.0 = Debug|Any CPU
		{CBE1E1C4-7B9B-4E33-9B63-42473C3680DC}.Release|Any CPU.ActiveCfg = Release|Any CPU
		{CBE1E1C4-7B9B-4E33-9B63-42473C3680DC}.Release|Any CPU.Build.0 = Release|Any CPU
		{8DC79406-54FF-481D-9684-83F1B749B417}.Debug|Any CPU.ActiveCfg = Debug|Any CPU
		{8DC79406-54FF-481D-9684-83F1B749B417}.Debug|Any CPU.Build.0 = Debug|Any CPU
		{8DC79406-54FF-481D-9684-83F1B749B417}.Release|Any CPU.ActiveCfg = Release|Any CPU
		{8DC79406-54FF-481D-9684-83F1B749B417}.Release|Any CPU.Build.0 = Release|Any CPU
		{0CEA0DBF-35CB-45BA-96B0-9F434AE5C725}.Debug|Any CPU.ActiveCfg = Debug|Any CPU
		{0CEA0DBF-35CB-45BA-96B0-9F434AE5C725}.Debug|Any CPU.Build.0 = Debug|Any CPU
		{0CEA0DBF-35CB-45BA-96B0-9F434AE5C725}.Release|Any CPU.ActiveCfg = Release|Any CPU
		{0CEA0DBF-35CB-45BA-96B0-9F434AE5C725}.Release|Any CPU.Build.0 = Release|Any CPU
		{74202840-8452-4730-B6D0-940CAC050E7F}.Debug|Any CPU.ActiveCfg = Debug|Any CPU
		{74202840-8452-4730-B6D0-940CAC050E7F}.Debug|Any CPU.Build.0 = Debug|Any CPU
		{74202840-8452-4730-B6D0-940CAC050E7F}.Release|Any CPU.ActiveCfg = Release|Any CPU
		{74202840-8452-4730-B6D0-940CAC050E7F}.Release|Any CPU.Build.0 = Release|Any CPU
		{25AB22CE-4E6F-4B9B-B577-A4375BBE2791}.Debug|Any CPU.ActiveCfg = Debug|Any CPU
		{25AB22CE-4E6F-4B9B-B577-A4375BBE2791}.Debug|Any CPU.Build.0 = Debug|Any CPU
		{25AB22CE-4E6F-4B9B-B577-A4375BBE2791}.Release|Any CPU.ActiveCfg = Release|Any CPU
		{25AB22CE-4E6F-4B9B-B577-A4375BBE2791}.Release|Any CPU.Build.0 = Release|Any CPU
		{CABB73B6-D9B6-444A-A0A6-626D28115E77}.Debug|Any CPU.ActiveCfg = Debug|Any CPU
		{CABB73B6-D9B6-444A-A0A6-626D28115E77}.Debug|Any CPU.Build.0 = Debug|Any CPU
		{CABB73B6-D9B6-444A-A0A6-626D28115E77}.Release|Any CPU.ActiveCfg = Release|Any CPU
		{CABB73B6-D9B6-444A-A0A6-626D28115E77}.Release|Any CPU.Build.0 = Release|Any CPU
		{D9E704D4-B32A-43F0-B6FC-41FB540F65E6}.Debug|Any CPU.ActiveCfg = Debug|Any CPU
		{D9E704D4-B32A-43F0-B6FC-41FB540F65E6}.Debug|Any CPU.Build.0 = Debug|Any CPU
		{D9E704D4-B32A-43F0-B6FC-41FB540F65E6}.Release|Any CPU.ActiveCfg = Release|Any CPU
		{D9E704D4-B32A-43F0-B6FC-41FB540F65E6}.Release|Any CPU.Build.0 = Release|Any CPU
		{F11FF62B-87F5-4EBA-B94E-0184B2F71648}.Debug|Any CPU.ActiveCfg = Debug|Any CPU
		{F11FF62B-87F5-4EBA-B94E-0184B2F71648}.Debug|Any CPU.Build.0 = Debug|Any CPU
		{F11FF62B-87F5-4EBA-B94E-0184B2F71648}.Release|Any CPU.ActiveCfg = Release|Any CPU
		{F11FF62B-87F5-4EBA-B94E-0184B2F71648}.Release|Any CPU.Build.0 = Release|Any CPU
		{C2697F24-98FB-4F89-AA9E-45F6C4B07D03}.Debug|Any CPU.ActiveCfg = Debug|Any CPU
		{C2697F24-98FB-4F89-AA9E-45F6C4B07D03}.Debug|Any CPU.Build.0 = Debug|Any CPU
		{C2697F24-98FB-4F89-AA9E-45F6C4B07D03}.Release|Any CPU.ActiveCfg = Release|Any CPU
		{C2697F24-98FB-4F89-AA9E-45F6C4B07D03}.Release|Any CPU.Build.0 = Release|Any CPU
	EndGlobalSection
	GlobalSection(SolutionProperties) = preSolution
		HideSolutionNode = FALSE
	EndGlobalSection
	GlobalSection(ExtensibilityGlobals) = postSolution
		SolutionGuid = {C4E686D6-740E-415F-A795-38C728048C6D}
	EndGlobalSection
EndGlobal
